
Microsoft Visual Studio Solution File, Format Version 12.00
# Visual Studio Version 17
VisualStudioVersion = 17.9.34728.123
MinimumVisualStudioVersion = 10.0.40219.1
Project("{FAE04EC0-301F-11D3-BF4B-00C04F79EFBC}") = "Voting.Api", "Voting.Api\Voting.Api.csproj", "{192ADC00-68EE-4506-ACB2-FBE440FFE351}"
EndProject
Project("{FAE04EC0-301F-11D3-BF4B-00C04F79EFBC}") = "Voting.Application", "Voting.Application\Voting.Application.csproj", "{8C81F8F8-EA5B-46C4-93E8-739B83240C8B}"
EndProject
Project("{FAE04EC0-301F-11D3-BF4B-00C04F79EFBC}") = "Voting.Domain", "Voting.Domain\Voting.Domain.csproj", "{3906F6A4-B936-47F0-9B56-EC7D405D6CAE}"
EndProject
Project("{FAE04EC0-301F-11D3-BF4B-00C04F79EFBC}") = "Voting.Infrastructure", "Voting.Infrastructure\Voting.Infrastructure.csproj", "{86E7A03A-44E2-4E46-99BD-79D2F6E4DAD6}"
EndProject
Global
	GlobalSection(SolutionConfigurationPlatforms) = preSolution
		Debug|Any CPU = Debug|Any CPU
		Release|Any CPU = Release|Any CPU
	EndGlobalSection
	GlobalSection(ProjectConfigurationPlatforms) = postSolution
		{192ADC00-68EE-4506-ACB2-FBE440FFE351}.Debug|Any CPU.ActiveCfg = Debug|Any CPU
		{192ADC00-68EE-4506-ACB2-FBE440FFE351}.Debug|Any CPU.Build.0 = Debug|Any CPU
		{192ADC00-68EE-4506-ACB2-FBE440FFE351}.Release|Any CPU.ActiveCfg = Release|Any CPU
		{192ADC00-68EE-4506-ACB2-FBE440FFE351}.Release|Any CPU.Build.0 = Release|Any CPU
		{8C81F8F8-EA5B-46C4-93E8-739B83240C8B}.Debug|Any CPU.ActiveCfg = Debug|Any CPU
		{8C81F8F8-EA5B-46C4-93E8-739B83240C8B}.Debug|Any CPU.Build.0 = Debug|Any CPU
		{8C81F8F8-EA5B-46C4-93E8-739B83240C8B}.Release|Any CPU.ActiveCfg = Release|Any CPU
		{8C81F8F8-EA5B-46C4-93E8-739B83240C8B}.Release|Any CPU.Build.0 = Release|Any CPU
		{3906F6A4-B936-47F0-9B56-EC7D405D6CAE}.Debug|Any CPU.ActiveCfg = Debug|Any CPU
		{3906F6A4-B936-47F0-9B56-EC7D405D6CAE}.Debug|Any CPU.Build.0 = Debug|Any CPU
		{3906F6A4-B936-47F0-9B56-EC7D405D6CAE}.Release|Any CPU.ActiveCfg = Release|Any CPU
		{3906F6A4-B936-47F0-9B56-EC7D405D6CAE}.Release|Any CPU.Build.0 = Release|Any CPU
		{86E7A03A-44E2-4E46-99BD-79D2F6E4DAD6}.Debug|Any CPU.ActiveCfg = Debug|Any CPU
		{86E7A03A-44E2-4E46-99BD-79D2F6E4DAD6}.Debug|Any CPU.Build.0 = Debug|Any CPU
		{86E7A03A-44E2-4E46-99BD-79D2F6E4DAD6}.Release|Any CPU.ActiveCfg = Release|Any CPU
		{86E7A03A-44E2-4E46-99BD-79D2F6E4DAD6}.Release|Any CPU.Build.0 = Release|Any CPU
	EndGlobalSection
	GlobalSection(SolutionProperties) = preSolution
		HideSolutionNode = FALSE
	EndGlobalSection
	GlobalSection(ExtensibilityGlobals) = postSolution
		SolutionGuid = {154BCF33-7486-4F3C-9939-D7FD2AD32891}
	EndGlobalSection
EndGlobal
